
Microsoft Visual Studio Solution File, Format Version 12.00
# Visual Studio 14
VisualStudioVersion = 14.0.25420.1
MinimumVisualStudioVersion = 10.0.40219.1
Project("{FAE04EC0-301F-11D3-BF4B-00C04F79EFBC}") = "EnityFramework", "EnityFramework\EnityFramework.csproj", "{EE5BFB80-A001-42B9-8670-F5A8F97FA9E0}"
EndProject
Project("{FAE04EC0-301F-11D3-BF4B-00C04F79EFBC}") = "First_Letter", "First_Letter\First_Letter.csproj", "{B61BAF8D-1B5A-40E9-B407-F55632F34533}"
EndProject
Global
	GlobalSection(SolutionConfigurationPlatforms) = preSolution
		Debug|Any CPU = Debug|Any CPU
		Release|Any CPU = Release|Any CPU
	EndGlobalSection
	GlobalSection(ProjectConfigurationPlatforms) = postSolution
		{EE5BFB80-A001-42B9-8670-F5A8F97FA9E0}.Debug|Any CPU.ActiveCfg = Debug|Any CPU
		{EE5BFB80-A001-42B9-8670-F5A8F97FA9E0}.Debug|Any CPU.Build.0 = Debug|Any CPU
		{EE5BFB80-A001-42B9-8670-F5A8F97FA9E0}.Release|Any CPU.ActiveCfg = Release|Any CPU
		{EE5BFB80-A001-42B9-8670-F5A8F97FA9E0}.Release|Any CPU.Build.0 = Release|Any CPU
		{B61BAF8D-1B5A-40E9-B407-F55632F34533}.Debug|Any CPU.ActiveCfg = Debug|Any CPU
		{B61BAF8D-1B5A-40E9-B407-F55632F34533}.Debug|Any CPU.Build.0 = Debug|Any CPU
		{B61BAF8D-1B5A-40E9-B407-F55632F34533}.Release|Any CPU.ActiveCfg = Release|Any CPU
		{B61BAF8D-1B5A-40E9-B407-F55632F34533}.Release|Any CPU.Build.0 = Release|Any CPU
	EndGlobalSection
	GlobalSection(SolutionProperties) = preSolution
		HideSolutionNode = FALSE
	EndGlobalSection
EndGlobal
